
Microsoft Visual Studio Solution File, Format Version 12.00
Project("{FAE04EC0-301F-11D3-BF4B-00C04F79EFBC}") = "OlaMundo", "OlaMundo\OlaMundo.csproj", "{04B01D41-BA1D-4321-8440-9A3774C3F3EF}"
EndProject
Global
	GlobalSection(SolutionConfigurationPlatforms) = preSolution
		Debug|Any CPU = Debug|Any CPU
		Release|Any CPU = Release|Any CPU
	EndGlobalSection
	GlobalSection(ProjectConfigurationPlatforms) = postSolution
		{04B01D41-BA1D-4321-8440-9A3774C3F3EF}.Debug|Any CPU.ActiveCfg = Debug|Any CPU
		{04B01D41-BA1D-4321-8440-9A3774C3F3EF}.Debug|Any CPU.Build.0 = Debug|Any CPU
		{04B01D41-BA1D-4321-8440-9A3774C3F3EF}.Release|Any CPU.ActiveCfg = Release|Any CPU
		{04B01D41-BA1D-4321-8440-9A3774C3F3EF}.Release|Any CPU.Build.0 = Release|Any CPU
	EndGlobalSection
EndGlobal
